
Microsoft Visual Studio Solution File, Format Version 12.00
# Visual Studio Version 17
VisualStudioVersion = 17.14.36603.0 d17.14
MinimumVisualStudioVersion = 10.0.40219.1
Project("{FAE04EC0-301F-11D3-BF4B-00C04F79EFBC}") = "practice5_3sem", "practice5_3sem.csproj", "{F6C8333D-BD70-47B7-B286-89BACE6A9F52}"
EndProject
Global
	GlobalSection(SolutionConfigurationPlatforms) = preSolution
		Debug|Any CPU = Debug|Any CPU
		Release|Any CPU = Release|Any CPU
	EndGlobalSection
	GlobalSection(ProjectConfigurationPlatforms) = postSolution
		{F6C8333D-BD70-47B7-B286-89BACE6A9F52}.Debug|Any CPU.ActiveCfg = Debug|Any CPU
		{F6C8333D-BD70-47B7-B286-89BACE6A9F52}.Debug|Any CPU.Build.0 = Debug|Any CPU
		{F6C8333D-BD70-47B7-B286-89BACE6A9F52}.Release|Any CPU.ActiveCfg = Release|Any CPU
		{F6C8333D-BD70-47B7-B286-89BACE6A9F52}.Release|Any CPU.Build.0 = Release|Any CPU
	EndGlobalSection
	GlobalSection(SolutionProperties) = preSolution
		HideSolutionNode = FALSE
	EndGlobalSection
	GlobalSection(ExtensibilityGlobals) = postSolution
		SolutionGuid = {704758F0-0FD0-4CB6-B3E7-EEEEDC1F90E3}
	EndGlobalSection
EndGlobal
